
Microsoft Visual Studio Solution File, Format Version 12.00
# Visual Studio Version 16
VisualStudioVersion = 16.0.29503.13
MinimumVisualStudioVersion = 10.0.40219.1
Project("{FAE04EC0-301F-11D3-BF4B-00C04F79EFBC}") = "BookCRUD", "BookCRUD\BookCRUD.csproj", "{773FB82D-12FA-4497-8591-E02AC0408161}"
EndProject
Global
	GlobalSection(SolutionConfigurationPlatforms) = preSolution
		Debug|Any CPU = Debug|Any CPU
		Release|Any CPU = Release|Any CPU
	EndGlobalSection
	GlobalSection(ProjectConfigurationPlatforms) = postSolution
		{773FB82D-12FA-4497-8591-E02AC0408161}.Debug|Any CPU.ActiveCfg = Debug|Any CPU
		{773FB82D-12FA-4497-8591-E02AC0408161}.Debug|Any CPU.Build.0 = Debug|Any CPU
		{773FB82D-12FA-4497-8591-E02AC0408161}.Release|Any CPU.ActiveCfg = Release|Any CPU
		{773FB82D-12FA-4497-8591-E02AC0408161}.Release|Any CPU.Build.0 = Release|Any CPU
	EndGlobalSection
	GlobalSection(SolutionProperties) = preSolution
		HideSolutionNode = FALSE
	EndGlobalSection
	GlobalSection(ExtensibilityGlobals) = postSolution
		SolutionGuid = {804709E8-C4D2-41BA-A1B3-D2BC899D71F9}
	EndGlobalSection
EndGlobal
